// !$*UTF8*$!
{
	archiveVersion = 1;
	classes = {
	};
	objectVersion = 46;
	objects = {

/* Begin PBXBuildFile section */
		BC4556C21C8FC7ED00467591 /* main.m in Sources */ = {isa = PBXBuildFile; fileRef = BC4556C11C8FC7ED00467591 /* main.m */; };
		BC4556C51C8FC7ED00467591 /* AppDelegate.m in Sources */ = {isa = PBXBuildFile; fileRef = BC4556C41C8FC7ED00467591 /* AppDelegate.m */; };
		BC4556CB1C8FC7ED00467591 /* Main.storyboard in Resources */ = {isa = PBXBuildFile; fileRef = BC4556C91C8FC7ED00467591 /* Main.storyboard */; };
		BC4556CD1C8FC7ED00467591 /* Assets.xcassets in Resources */ = {isa = PBXBuildFile; fileRef = BC4556CC1C8FC7ED00467591 /* Assets.xcassets */; };
		BC4556D01C8FC7ED00467591 /* LaunchScreen.storyboard in Resources */ = {isa = PBXBuildFile; fileRef = BC4556CE1C8FC7ED00467591 /* LaunchScreen.storyboard */; };
		BC4556DB1C8FC7ED00467591 /* MSViewControllerTransitionDemoTests.m in Sources */ = {isa = PBXBuildFile; fileRef = BC4556DA1C8FC7ED00467591 /* MSViewControllerTransitionDemoTests.m */; };
		BC4556E61C8FC7ED00467591 /* MSViewControllerTransitionDemoUITests.m in Sources */ = {isa = PBXBuildFile; fileRef = BC4556E51C8FC7ED00467591 /* MSViewControllerTransitionDemoUITests.m */; };
		BC4556F91C91190F00467591 /* MSAnimationViewController.m in Sources */ = {isa = PBXBuildFile; fileRef = BC4556F81C91190F00467591 /* MSAnimationViewController.m */; };
		BC4556FC1C911B8600467591 /* MSSlideTabBarViewController.m in Sources */ = {isa = PBXBuildFile; fileRef = BC4556FB1C911B8600467591 /* MSSlideTabBarViewController.m */; };
		BC4556FF1C911F0500467591 /* MSTabBarVCDelegate.m in Sources */ = {isa = PBXBuildFile; fileRef = BC4556FE1C911F0500467591 /* MSTabBarVCDelegate.m */; };
		BC4557021C9132AD00467591 /* MSSlideAnimationController.m in Sources */ = {isa = PBXBuildFile; fileRef = BC4557011C9132AD00467591 /* MSSlideAnimationController.m */; };
		BC82B6011C968BA200ACBC96 /* MSNavigationTransitionVC.m in Sources */ = {isa = PBXBuildFile; fileRef = BC82B6001C968BA200ACBC96 /* MSNavigationTransitionVC.m */; };
		BC82B6041C968C1D00ACBC96 /* MSNavigationTransitionVCDelegate.m in Sources */ = {isa = PBXBuildFile; fileRef = BC82B6031C968C1D00ACBC96 /* MSNavigationTransitionVCDelegate.m */; };
		BC82B6071C968E3200ACBC96 /* MSNavigationAnimationController.m in Sources */ = {isa = PBXBuildFile; fileRef = BC82B6061C968E3200ACBC96 /* MSNavigationAnimationController.m */; };
		BC82B60A1C96C3D900ACBC96 /* MSPushVC.m in Sources */ = {isa = PBXBuildFile; fileRef = BC82B6091C96C3D900ACBC96 /* MSPushVC.m */; };
		BCFC76FB1C97BAB600FD323E /* MSModalViewController.m in Sources */ = {isa = PBXBuildFile; fileRef = BCFC76FA1C97BAB600FD323E /* MSModalViewController.m */; };
		BCFC76FE1C97EBC400FD323E /* MSModalVCTransitionDelegate.m in Sources */ = {isa = PBXBuildFile; fileRef = BCFC76FD1C97EBC400FD323E /* MSModalVCTransitionDelegate.m */; };
		BCFC77011C97ECC600FD323E /* MSModalVCAnimationController.m in Sources */ = {isa = PBXBuildFile; fileRef = BCFC77001C97ECC600FD323E /* MSModalVCAnimationController.m */; };
		BCFC77041C98098F00FD323E /* MSModalPresentedVC.m in Sources */ = {isa = PBXBuildFile; fileRef = BCFC77031C98098F00FD323E /* MSModalPresentedVC.m */; };
/* End PBXBuildFile section */

/* Begin PBXContainerItemProxy section */
		BC4556D71C8FC7ED00467591 /* PBXContainerItemProxy */ = {
			isa = PBXContainerItemProxy;
			containerPortal = BC4556B51C8FC7ED00467591 /* Project object */;
			proxyType = 1;
			remoteGlobalIDString = BC4556BC1C8FC7ED00467591;
			remoteInfo = MSViewControllerTransitionDemo;
		};
		BC4556E21C8FC7ED00467591 /* PBXContainerItemProxy */ = {
			isa = PBXContainerItemProxy;
			containerPortal = BC4556B51C8FC7ED00467591 /* Project object */;
			proxyType = 1;
			remoteGlobalIDString = BC4556BC1C8FC7ED00467591;
			remoteInfo = MSViewControllerTransitionDemo;
		};
/* End PBXContainerItemProxy section */

/* Begin PBXFileReference section */
		BC4556BD1C8FC7ED00467591 /* MSViewControllerTransitionDemo.app */ = {isa = PBXFileReference; explicitFileType = wrapper.application; includeInIndex = 0; path = MSViewControllerTransitionDemo.app; sourceTree = BUILT_PRODUCTS_DIR; };
		BC4556C11C8FC7ED00467591 /* main.m */ = {isa = PBXFileReference; lastKnownFileType = sourcecode.c.objc; path = main.m; sourceTree = "<group>"; };
		BC4556C31C8FC7ED00467591 /* AppDelegate.h */ = {isa = PBXFileReference; lastKnownFileType = sourcecode.c.h; path = AppDelegate.h; sourceTree = "<group>"; };
		BC4556C41C8FC7ED00467591 /* AppDelegate.m */ = {isa = PBXFileReference; lastKnownFileType = sourcecode.c.objc; path = AppDelegate.m; sourceTree = "<group>"; };
		BC4556CA1C8FC7ED00467591 /* Base */ = {isa = PBXFileReference; lastKnownFileType = file.storyboard; name = Base; path = Base.lproj/Main.storyboard; sourceTree = "<group>"; };
		BC4556CC1C8FC7ED00467591 /* Assets.xcassets */ = {isa = PBXFileReference; lastKnownFileType = folder.assetcatalog; path = Assets.xcassets; sourceTree = "<group>"; };
		BC4556CF1C8FC7ED00467591 /* Base */ = {isa = PBXFileReference; lastKnownFileType = file.storyboard; name = Base; path = Base.lproj/LaunchScreen.storyboard; sourceTree = "<group>"; };
		BC4556D11C8FC7ED00467591 /* Info.plist */ = {isa = PBXFileReference; lastKnownFileType = text.plist.xml; path = Info.plist; sourceTree = "<group>"; };
		BC4556D61C8FC7ED00467591 /* MSViewControllerTransitionDemoTests.xctest */ = {isa = PBXFileReference; explicitFileType = wrapper.cfbundle; includeInIndex = 0; path = MSViewControllerTransitionDemoTests.xctest; sourceTree = BUILT_PRODUCTS_DIR; };
		BC4556DA1C8FC7ED00467591 /* MSViewControllerTransitionDemoTests.m */ = {isa = PBXFileReference; lastKnownFileType = sourcecode.c.objc; path = MSViewControllerTransitionDemoTests.m; sourceTree = "<group>"; };
		BC4556DC1C8FC7ED00467591 /* Info.plist */ = {isa = PBXFileReference; lastKnownFileType = text.plist.xml; path = Info.plist; sourceTree = "<group>"; };
		BC4556E11C8FC7ED00467591 /* MSViewControllerTransitionDemoUITests.xctest */ = {isa = PBXFileReference; explicitFileType = wrapper.cfbundle; includeInIndex = 0; path = MSViewControllerTransitionDemoUITests.xctest; sourceTree = BUILT_PRODUCTS_DIR; };
		BC4556E51C8FC7ED00467591 /* MSViewControllerTransitionDemoUITests.m */ = {isa = PBXFileReference; lastKnownFileType = sourcecode.c.objc; path = MSViewControllerTransitionDemoUITests.m; sourceTree = "<group>"; };
		BC4556E71C8FC7ED00467591 /* Info.plist */ = {isa = PBXFileReference; lastKnownFileType = text.plist.xml; path = Info.plist; sourceTree = "<group>"; };
		BC4556F71C91190F00467591 /* MSAnimationViewController.h */ = {isa = PBXFileReference; fileEncoding = 4; lastKnownFileType = sourcecode.c.h; path = MSAnimationViewController.h; sourceTree = "<group>"; };
		BC4556F81C91190F00467591 /* MSAnimationViewController.m */ = {isa = PBXFileReference; fileEncoding = 4; lastKnownFileType = sourcecode.c.objc; path = MSAnimationViewController.m; sourceTree = "<group>"; };
		BC4556FA1C911B8600467591 /* MSSlideTabBarViewController.h */ = {isa = PBXFileReference; fileEncoding = 4; lastKnownFileType = sourcecode.c.h; path = MSSlideTabBarViewController.h; sourceTree = "<group>"; };
		BC4556FB1C911B8600467591 /* MSSlideTabBarViewController.m */ = {isa = PBXFileReference; fileEncoding = 4; lastKnownFileType = sourcecode.c.objc; path = MSSlideTabBarViewController.m; sourceTree = "<group>"; };
		BC4556FD1C911F0500467591 /* MSTabBarVCDelegate.h */ = {isa = PBXFileReference; fileEncoding = 4; lastKnownFileType = sourcecode.c.h; path = MSTabBarVCDelegate.h; sourceTree = "<group>"; };
		BC4556FE1C911F0500467591 /* MSTabBarVCDelegate.m */ = {isa = PBXFileReference; fileEncoding = 4; lastKnownFileType = sourcecode.c.objc; path = MSTabBarVCDelegate.m; sourceTree = "<group>"; };
		BC4557001C9132AD00467591 /* MSSlideAnimationController.h */ = {isa = PBXFileReference; fileEncoding = 4; lastKnownFileType = sourcecode.c.h; path = MSSlideAnimationController.h; sourceTree = "<group>"; };
		BC4557011C9132AD00467591 /* MSSlideAnimationController.m */ = {isa = PBXFileReference; fileEncoding = 4; lastKnownFileType = sourcecode.c.objc; path = MSSlideAnimationController.m; sourceTree = "<group>"; };
		BC82B5FF1C968BA200ACBC96 /* MSNavigationTransitionVC.h */ = {isa = PBXFileReference; fileEncoding = 4; lastKnownFileType = sourcecode.c.h; path = MSNavigationTransitionVC.h; sourceTree = "<group>"; };
		BC82B6001C968BA200ACBC96 /* MSNavigationTransitionVC.m */ = {isa = PBXFileReference; fileEncoding = 4; lastKnownFileType = sourcecode.c.objc; path = MSNavigationTransitionVC.m; sourceTree = "<group>"; };
		BC82B6021C968C1D00ACBC96 /* MSNavigationTransitionVCDelegate.h */ = {isa = PBXFileReference; fileEncoding = 4; lastKnownFileType = sourcecode.c.h; path = MSNavigationTransitionVCDelegate.h; sourceTree = "<group>"; };
		BC82B6031C968C1D00ACBC96 /* MSNavigationTransitionVCDelegate.m */ = {isa = PBXFileReference; fileEncoding = 4; lastKnownFileType = sourcecode.c.objc; path = MSNavigationTransitionVCDelegate.m; sourceTree = "<group>"; };
		BC82B6051C968E3200ACBC96 /* MSNavigationAnimationController.h */ = {isa = PBXFileReference; fileEncoding = 4; lastKnownFileType = sourcecode.c.h; path = MSNavigationAnimationController.h; sourceTree = "<group>"; };
		BC82B6061C968E3200ACBC96 /* MSNavigationAnimationController.m */ = {isa = PBXFileReference; fileEncoding = 4; lastKnownFileType = sourcecode.c.objc; path = MSNavigationAnimationController.m; sourceTree = "<group>"; };
		BC82B6081C96C3D900ACBC96 /* MSPushVC.h */ = {isa = PBXFileReference; fileEncoding = 4; lastKnownFileType = sourcecode.c.h; path = MSPushVC.h; sourceTree = "<group>"; };
		BC82B6091C96C3D900ACBC96 /* MSPushVC.m */ = {isa = PBXFileReference; fileEncoding = 4; lastKnownFileType = sourcecode.c.objc; path = MSPushVC.m; sourceTree = "<group>"; };
		BCFC76F91C97BAB600FD323E /* MSModalViewController.h */ = {isa = PBXFileReference; fileEncoding = 4; lastKnownFileType = sourcecode.c.h; path = MSModalViewController.h; sourceTree = "<group>"; };
		BCFC76FA1C97BAB600FD323E /* MSModalViewController.m */ = {isa = PBXFileReference; fileEncoding = 4; lastKnownFileType = sourcecode.c.objc; path = MSModalViewController.m; sourceTree = "<group>"; };
		BCFC76FC1C97EBC400FD323E /* MSModalVCTransitionDelegate.h */ = {isa = PBXFileReference; fileEncoding = 4; lastKnownFileType = sourcecode.c.h; path = MSModalVCTransitionDelegate.h; sourceTree = "<group>"; };
		BCFC76FD1C97EBC400FD323E /* MSModalVCTransitionDelegate.m */ = {isa = PBXFileReference; fileEncoding = 4; lastKnownFileType = sourcecode.c.objc; path = MSModalVCTransitionDelegate.m; sourceTree = "<group>"; };
		BCFC76FF1C97ECC600FD323E /* MSModalVCAnimationController.h */ = {isa = PBXFileReference; fileEncoding = 4; lastKnownFileType = sourcecode.c.h; path = MSModalVCAnimationController.h; sourceTree = "<group>"; };
		BCFC77001C97ECC600FD323E /* MSModalVCAnimationController.m */ = {isa = PBXFileReference; fileEncoding = 4; lastKnownFileType = sourcecode.c.objc; path = MSModalVCAnimationController.m; sourceTree = "<group>"; };
		BCFC77021C98098F00FD323E /* MSModalPresentedVC.h */ = {isa = PBXFileReference; fileEncoding = 4; lastKnownFileType = sourcecode.c.h; path = MSModalPresentedVC.h; sourceTree = "<group>"; };
		BCFC77031C98098F00FD323E /* MSModalPresentedVC.m */ = {isa = PBXFileReference; fileEncoding = 4; lastKnownFileType = sourcecode.c.objc; path = MSModalPresentedVC.m; sourceTree = "<group>"; };
/* End PBXFileReference section */

/* Begin PBXFrameworksBuildPhase section */
		BC4556BA1C8FC7ED00467591 /* Frameworks */ = {
			isa = PBXFrameworksBuildPhase;
			buildActionMask = 2147483647;
			files = (
			);
			runOnlyForDeploymentPostprocessing = 0;
		};
		BC4556D31C8FC7ED00467591 /* Frameworks */ = {
			isa = PBXFrameworksBuildPhase;
			buildActionMask = 2147483647;
			files = (
			);
			runOnlyForDeploymentPostprocessing = 0;
		};
		BC4556DE1C8FC7ED00467591 /* Frameworks */ = {
			isa = PBXFrameworksBuildPhase;
			buildActionMask = 2147483647;
			files = (
			);
			runOnlyForDeploymentPostprocessing = 0;
		};
/* End PBXFrameworksBuildPhase section */

/* Begin PBXGroup section */
		BC4556B41C8FC7ED00467591 = {
			isa = PBXGroup;
			children = (
				BCFC76F81C97BA6800FD323E /* MSModalTransitionDemo */,
				BC82B5FE1C968B6F00ACBC96 /* MSNaviTransitionDemo */,
				BC4556F31C91184000467591 /* MSTabBarTransilationVC */,
				BC4556BF1C8FC7ED00467591 /* MSViewControllerTransitionDemo */,
				BC4556D91C8FC7ED00467591 /* MSViewControllerTransitionDemoTests */,
				BC4556E41C8FC7ED00467591 /* MSViewControllerTransitionDemoUITests */,
				BC4556BE1C8FC7ED00467591 /* Products */,
			);
			sourceTree = "<group>";
		};
		BC4556BE1C8FC7ED00467591 /* Products */ = {
			isa = PBXGroup;
			children = (
				BC4556BD1C8FC7ED00467591 /* MSViewControllerTransitionDemo.app */,
				BC4556D61C8FC7ED00467591 /* MSViewControllerTransitionDemoTests.xctest */,
				BC4556E11C8FC7ED00467591 /* MSViewControllerTransitionDemoUITests.xctest */,
			);
			name = Products;
			sourceTree = "<group>";
		};
		BC4556BF1C8FC7ED00467591 /* MSViewControllerTransitionDemo */ = {
			isa = PBXGroup;
			children = (
				BC4556C31C8FC7ED00467591 /* AppDelegate.h */,
				BC4556C41C8FC7ED00467591 /* AppDelegate.m */,
				BC82B6081C96C3D900ACBC96 /* MSPushVC.h */,
				BC82B6091C96C3D900ACBC96 /* MSPushVC.m */,
				BC4556F71C91190F00467591 /* MSAnimationViewController.h */,
				BC4556F81C91190F00467591 /* MSAnimationViewController.m */,
				BC4556C91C8FC7ED00467591 /* Main.storyboard */,
				BC4556CC1C8FC7ED00467591 /* Assets.xcassets */,
				BC4556CE1C8FC7ED00467591 /* LaunchScreen.storyboard */,
				BC4556D11C8FC7ED00467591 /* Info.plist */,
				BC4556C01C8FC7ED00467591 /* Supporting Files */,
			);
			path = MSViewControllerTransitionDemo;
			sourceTree = "<group>";
		};
		BC4556C01C8FC7ED00467591 /* Supporting Files */ = {
			isa = PBXGroup;
			children = (
				BC4556C11C8FC7ED00467591 /* main.m */,
			);
			name = "Supporting Files";
			sourceTree = "<group>";
		};
		BC4556D91C8FC7ED00467591 /* MSViewControllerTransitionDemoTests */ = {
			isa = PBXGroup;
			children = (
				BC4556DA1C8FC7ED00467591 /* MSViewControllerTransitionDemoTests.m */,
				BC4556DC1C8FC7ED00467591 /* Info.plist */,
			);
			path = MSViewControllerTransitionDemoTests;
			sourceTree = "<group>";
		};
		BC4556E41C8FC7ED00467591 /* MSViewControllerTransitionDemoUITests */ = {
			isa = PBXGroup;
			children = (
				BC4556E51C8FC7ED00467591 /* MSViewControllerTransitionDemoUITests.m */,
				BC4556E71C8FC7ED00467591 /* Info.plist */,
			);
			path = MSViewControllerTransitionDemoUITests;
			sourceTree = "<group>";
		};
		BC4556F31C91184000467591 /* MSTabBarTransilationVC */ = {
			isa = PBXGroup;
			children = (
				BC4556FA1C911B8600467591 /* MSSlideTabBarViewController.h */,
				BC4556FB1C911B8600467591 /* MSSlideTabBarViewController.m */,
				BC4556FD1C911F0500467591 /* MSTabBarVCDelegate.h */,
				BC4556FE1C911F0500467591 /* MSTabBarVCDelegate.m */,
				BC4557001C9132AD00467591 /* MSSlideAnimationController.h */,
				BC4557011C9132AD00467591 /* MSSlideAnimationController.m */,
			);
			name = MSTabBarTransilationVC;
			sourceTree = "<group>";
		};
		BC82B5FE1C968B6F00ACBC96 /* MSNaviTransitionDemo */ = {
			isa = PBXGroup;
			children = (
				BC82B5FF1C968BA200ACBC96 /* MSNavigationTransitionVC.h */,
				BC82B6001C968BA200ACBC96 /* MSNavigationTransitionVC.m */,
				BC82B6021C968C1D00ACBC96 /* MSNavigationTransitionVCDelegate.h */,
				BC82B6031C968C1D00ACBC96 /* MSNavigationTransitionVCDelegate.m */,
				BC82B6051C968E3200ACBC96 /* MSNavigationAnimationController.h */,
				BC82B6061C968E3200ACBC96 /* MSNavigationAnimationController.m */,
			);
			name = MSNaviTransitionDemo;
			sourceTree = "<group>";
		};
		BCFC76F81C97BA6800FD323E /* MSModalTransitionDemo */ = {
			isa = PBXGroup;
			children = (
				BCFC76F91C97BAB600FD323E /* MSModalViewController.h */,
				BCFC76FA1C97BAB600FD323E /* MSModalViewController.m */,
				BCFC77021C98098F00FD323E /* MSModalPresentedVC.h */,
				BCFC77031C98098F00FD323E /* MSModalPresentedVC.m */,
				BCFC76FC1C97EBC400FD323E /* MSModalVCTransitionDelegate.h */,
				BCFC76FD1C97EBC400FD323E /* MSModalVCTransitionDelegate.m */,
				BCFC76FF1C97ECC600FD323E /* MSModalVCAnimationController.h */,
				BCFC77001C97ECC600FD323E /* MSModalVCAnimationController.m */,
			);
			name = MSModalTransitionDemo;
			sourceTree = "<group>";
		};
/* End PBXGroup section */

/* Begin PBXNativeTarget section */
		BC4556BC1C8FC7ED00467591 /* MSViewControllerTransitionDemo */ = {
			isa = PBXNativeTarget;
			buildConfigurationList = BC4556EA1C8FC7ED00467591 /* Build configuration list for PBXNativeTarget "MSViewControllerTransitionDemo" */;
			buildPhases = (
				BC4556B91C8FC7ED00467591 /* Sources */,
				BC4556BA1C8FC7ED00467591 /* Frameworks */,
				BC4556BB1C8FC7ED00467591 /* Resources */,
			);
			buildRules = (
			);
			dependencies = (
			);
			name = MSViewControllerTransitionDemo;
			productName = MSViewControllerTransitionDemo;
			productReference = BC4556BD1C8FC7ED00467591 /* MSViewControllerTransitionDemo.app */;
			productType = "com.apple.product-type.application";
		};
		BC4556D51C8FC7ED00467591 /* MSViewControllerTransitionDemoTests */ = {
			isa = PBXNativeTarget;
			buildConfigurationList = BC4556ED1C8FC7ED00467591 /* Build configuration list for PBXNativeTarget "MSViewControllerTransitionDemoTests" */;
			buildPhases = (
				BC4556D21C8FC7ED00467591 /* Sources */,
				BC4556D31C8FC7ED00467591 /* Frameworks */,
				BC4556D41C8FC7ED00467591 /* Resources */,
			);
			buildRules = (
			);
			dependencies = (
				BC4556D81C8FC7ED00467591 /* PBXTargetDependency */,
			);
			name = MSViewControllerTransitionDemoTests;
			productName = MSViewControllerTransitionDemoTests;
			productReference = BC4556D61C8FC7ED00467591 /* MSViewControllerTransitionDemoTests.xctest */;
			productType = "com.apple.product-type.bundle.unit-test";
		};
		BC4556E01C8FC7ED00467591 /* MSViewControllerTransitionDemoUITests */ = {
			isa = PBXNativeTarget;
			buildConfigurationList = BC4556F01C8FC7ED00467591 /* Build configuration list for PBXNativeTarget "MSViewControllerTransitionDemoUITests" */;
			buildPhases = (
				BC4556DD1C8FC7ED00467591 /* Sources */,
				BC4556DE1C8FC7ED00467591 /* Frameworks */,
				BC4556DF1C8FC7ED00467591 /* Resources */,
			);
			buildRules = (
			);
			dependencies = (
				BC4556E31C8FC7ED00467591 /* PBXTargetDependency */,
			);
			name = MSViewControllerTransitionDemoUITests;
			productName = MSViewControllerTransitionDemoUITests;
			productReference = BC4556E11C8FC7ED00467591 /* MSViewControllerTransitionDemoUITests.xctest */;
			productType = "com.apple.product-type.bundle.ui-testing";
		};
/* End PBXNativeTarget section */

/* Begin PBXProject section */
		BC4556B51C8FC7ED00467591 /* Project object */ = {
			isa = PBXProject;
			attributes = {
				LastUpgradeCheck = 0720;
				ORGANIZATIONNAME = dengliwen;
				TargetAttributes = {
					BC4556BC1C8FC7ED00467591 = {
						CreatedOnToolsVersion = 7.2.1;
					};
					BC4556D51C8FC7ED00467591 = {
						CreatedOnToolsVersion = 7.2.1;
						TestTargetID = BC4556BC1C8FC7ED00467591;
					};
					BC4556E01C8FC7ED00467591 = {
						CreatedOnToolsVersion = 7.2.1;
						TestTargetID = BC4556BC1C8FC7ED00467591;
					};
				};
			};
			buildConfigurationList = BC4556B81C8FC7ED00467591 /* Build configuration list for PBXProject "MSViewControllerTransitionDemo" */;
			compatibilityVersion = "Xcode 3.2";
			developmentRegion = English;
			hasScannedForEncodings = 0;
			knownRegions = (
				en,
				Base,
			);
			mainGroup = BC4556B41C8FC7ED00467591;
			productRefGroup = BC4556BE1C8FC7ED00467591 /* Products */;
			projectDirPath = "";
			projectRoot = "";
			targets = (
				BC4556BC1C8FC7ED00467591 /* MSViewControllerTransitionDemo */,
				BC4556D51C8FC7ED00467591 /* MSViewControllerTransitionDemoTests */,
				BC4556E01C8FC7ED00467591 /* MSViewControllerTransitionDemoUITests */,
			);
		};
/* End PBXProject section */

/* Begin PBXResourcesBuildPhase section */
		BC4556BB1C8FC7ED00467591 /* Resources */ = {
			isa = PBXResourcesBuildPhase;
			buildActionMask = 2147483647;
			files = (
				BC4556D01C8FC7ED00467591 /* LaunchScreen.storyboard in Resources */,
				BC4556CD1C8FC7ED00467591 /* Assets.xcassets in Resources */,
				BC4556CB1C8FC7ED00467591 /* Main.storyboard in Resources */,
			);
			runOnlyForDeploymentPostprocessing = 0;
		};
		BC4556D41C8FC7ED00467591 /* Resources */ = {
			isa = PBXResourcesBuildPhase;
			buildActionMask = 2147483647;
			files = (
			);
			runOnlyForDeploymentPostprocessing = 0;
		};
		BC4556DF1C8FC7ED00467591 /* Resources */ = {
			isa = PBXResourcesBuildPhase;
			buildActionMask = 2147483647;
			files = (
			);
			runOnlyForDeploymentPostprocessing = 0;
		};
/* End PBXResourcesBuildPhase section */

/* Begin PBXSourcesBuildPhase section */
		BC4556B91C8FC7ED00467591 /* Sources */ = {
			isa = PBXSourcesBuildPhase;
			buildActionMask = 2147483647;
			files = (
				BC82B60A1C96C3D900ACBC96 /* MSPushVC.m in Sources */,
				BC4556F91C91190F00467591 /* MSAnimationViewController.m in Sources */,
				BCFC76FB1C97BAB600FD323E /* MSModalViewController.m in Sources */,
				BC4556C51C8FC7ED00467591 /* AppDelegate.m in Sources */,
				BCFC77011C97ECC600FD323E /* MSModalVCAnimationController.m in Sources */,
				BC4556C21C8FC7ED00467591 /* main.m in Sources */,
				BC4557021C9132AD00467591 /* MSSlideAnimationController.m in Sources */,
				BC82B6041C968C1D00ACBC96 /* MSNavigationTransitionVCDelegate.m in Sources */,
				BC4556FC1C911B8600467591 /* MSSlideTabBarViewController.m in Sources */,
				BCFC76FE1C97EBC400FD323E /* MSModalVCTransitionDelegate.m in Sources */,
				BC82B6071C968E3200ACBC96 /* MSNavigationAnimationController.m in Sources */,
				BC4556FF1C911F0500467591 /* MSTabBarVCDelegate.m in Sources */,
				BC82B6011C968BA200ACBC96 /* MSNavigationTransitionVC.m in Sources */,
				BCFC77041C98098F00FD323E /* MSModalPresentedVC.m in Sources */,
			);
			runOnlyForDeploymentPostprocessing = 0;
		};
		BC4556D21C8FC7ED00467591 /* Sources */ = {
			isa = PBXSourcesBuildPhase;
			buildActionMask = 2147483647;
			files = (
				BC4556DB1C8FC7ED00467591 /* MSViewControllerTransitionDemoTests.m in Sources */,
			);
			runOnlyForDeploymentPostprocessing = 0;
		};
		BC4556DD1C8FC7ED00467591 /* Sources */ = {
			isa = PBXSourcesBuildPhase;
			buildActionMask = 2147483647;
			files = (
				BC4556E61C8FC7ED00467591 /* MSViewControllerTransitionDemoUITests.m in Sources */,
			);
			runOnlyForDeploymentPostprocessing = 0;
		};
/* End PBXSourcesBuildPhase section */

/* Begin PBXTargetDependency section */
		BC4556D81C8FC7ED00467591 /* PBXTargetDependency */ = {
			isa = PBXTargetDependency;
			target = BC4556BC1C8FC7ED00467591 /* MSViewControllerTransitionDemo */;
			targetProxy = BC4556D71C8FC7ED00467591 /* PBXContainerItemProxy */;
		};
		BC4556E31C8FC7ED00467591 /* PBXTargetDependency */ = {
			isa = PBXTargetDependency;
			target = BC4556BC1C8FC7ED00467591 /* MSViewControllerTransitionDemo */;
			targetProxy = BC4556E21C8FC7ED00467591 /* PBXContainerItemProxy */;
		};
/* End PBXTargetDependency section */

/* Begin PBXVariantGroup section */
		BC4556C91C8FC7ED00467591 /* Main.storyboard */ = {
			isa = PBXVariantGroup;
			children = (
				BC4556CA1C8FC7ED00467591 /* Base */,
			);
			name = Main.storyboard;
			sourceTree = "<group>";
		};
		BC4556CE1C8FC7ED00467591 /* LaunchScreen.storyboard */ = {
			isa = PBXVariantGroup;
			children = (
				BC4556CF1C8FC7ED00467591 /* Base */,
			);
			name = LaunchScreen.storyboard;
			sourceTree = "<group>";
		};
/* End PBXVariantGroup section */

/* Begin XCBuildConfiguration section */
		BC4556E81C8FC7ED00467591 /* Debug */ = {
			isa = XCBuildConfiguration;
			buildSettings = {
				ALWAYS_SEARCH_USER_PATHS = NO;
				CLANG_CXX_LANGUAGE_STANDARD = "gnu++0x";
				CLANG_CXX_LIBRARY = "libc++";
				CLANG_ENABLE_MODULES = YES;
				CLANG_ENABLE_OBJC_ARC = YES;
				CLANG_WARN_BOOL_CONVERSION = YES;
				CLANG_WARN_CONSTANT_CONVERSION = YES;
				CLANG_WARN_DIRECT_OBJC_ISA_USAGE = YES_ERROR;
				CLANG_WARN_EMPTY_BODY = YES;
				CLANG_WARN_ENUM_CONVERSION = YES;
				CLANG_WARN_INT_CONVERSION = YES;
				CLANG_WARN_OBJC_ROOT_CLASS = YES_ERROR;
				CLANG_WARN_UNREACHABLE_CODE = YES;
				CLANG_WARN__DUPLICATE_METHOD_MATCH = YES;
				"CODE_SIGN_IDENTITY[sdk=iphoneos*]" = "iPhone Developer";
				COPY_PHASE_STRIP = NO;
				DEBUG_INFORMATION_FORMAT = dwarf;
				ENABLE_STRICT_OBJC_MSGSEND = YES;
				ENABLE_TESTABILITY = YES;
				GCC_C_LANGUAGE_STANDARD = gnu99;
				GCC_DYNAMIC_NO_PIC = NO;
				GCC_NO_COMMON_BLOCKS = YES;
				GCC_OPTIMIZATION_LEVEL = 0;
				GCC_PREPROCESSOR_DEFINITIONS = (
					"DEBUG=1",
					"$(inherited)",
				);
				GCC_WARN_64_TO_32_BIT_CONVERSION = YES;
				GCC_WARN_ABOUT_RETURN_TYPE = YES_ERROR;
				GCC_WARN_UNDECLARED_SELECTOR = YES;
				GCC_WARN_UNINITIALIZED_AUTOS = YES_AGGRESSIVE;
				GCC_WARN_UNUSED_FUNCTION = YES;
				GCC_WARN_UNUSED_VARIABLE = YES;
				IPHONEOS_DEPLOYMENT_TARGET = 9.2;
				MTL_ENABLE_DEBUG_INFO = YES;
				ONLY_ACTIVE_ARCH = YES;
				SDKROOT = iphoneos;
			};
			name = Debug;
		};
		BC4556E91C8FC7ED00467591 /* Release */ = {
			isa = XCBuildConfiguration;
			buildSettings = {
				ALWAYS_SEARCH_USER_PATHS = NO;
				CLANG_CXX_LANGUAGE_STANDARD = "gnu++0x";
				CLANG_CXX_LIBRARY = "libc++";
				CLANG_ENABLE_MODULES = YES;
				CLANG_ENABLE_OBJC_ARC = YES;
				CLANG_WARN_BOOL_CONVERSION = YES;
				CLANG_WARN_CONSTANT_CONVERSION = YES;
				CLANG_WARN_DIRECT_OBJC_ISA_USAGE = YES_ERROR;
				CLANG_WARN_EMPTY_BODY = YES;
				CLANG_WARN_ENUM_CONVERSION = YES;
				CLANG_WARN_INT_CONVERSION = YES;
				CLANG_WARN_OBJC_ROOT_CLASS = YES_ERROR;
				CLANG_WARN_UNREACHABLE_CODE = YES;
				CLANG_WARN__DUPLICATE_METHOD_MATCH = YES;
				"CODE_SIGN_IDENTITY[sdk=iphoneos*]" = "iPhone Developer";
				COPY_PHASE_STRIP = NO;
				DEBUG_INFORMATION_FORMAT = "dwarf-with-dsym";
				ENABLE_NS_ASSERTIONS = NO;
				ENABLE_STRICT_OBJC_MSGSEND = YES;
				GCC_C_LANGUAGE_STANDARD = gnu99;
				GCC_NO_COMMON_BLOCKS = YES;
				GCC_WARN_64_TO_32_BIT_CONVERSION = YES;
				GCC_WARN_ABOUT_RETURN_TYPE = YES_ERROR;
				GCC_WARN_UNDECLARED_SELECTOR = YES;
				GCC_WARN_UNINITIALIZED_AUTOS = YES_AGGRESSIVE;
				GCC_WARN_UNUSED_FUNCTION = YES;
				GCC_WARN_UNUSED_VARIABLE = YES;
				IPHONEOS_DEPLOYMENT_TARGET = 9.2;
				MTL_ENABLE_DEBUG_INFO = NO;
				SDKROOT = iphoneos;
				VALIDATE_PRODUCT = YES;
			};
			name = Release;
		};
		BC4556EB1C8FC7ED00467591 /* Debug */ = {
			isa = XCBuildConfiguration;
			buildSettings = {
				ASSETCATALOG_COMPILER_APPICON_NAME = AppIcon;
				INFOPLIST_FILE = MSViewControllerTransitionDemo/Info.plist;
				LD_RUNPATH_SEARCH_PATHS = "$(inherited) @executable_path/Frameworks";
				PRODUCT_BUNDLE_IDENTIFIER = MS.MSViewControllerTransitionDemo;
				PRODUCT_NAME = "$(TARGET_NAME)";
			};
			name = Debug;
		};
		BC4556EC1C8FC7ED00467591 /* Release */ = {
			isa = XCBuildConfiguration;
			buildSettings = {
				ASSETCATALOG_COMPILER_APPICON_NAME = AppIcon;
				INFOPLIST_FILE = MSViewControllerTransitionDemo/Info.plist;
				LD_RUNPATH_SEARCH_PATHS = "$(inherited) @executable_path/Frameworks";
				PRODUCT_BUNDLE_IDENTIFIER = MS.MSViewControllerTransitionDemo;
				PRODUCT_NAME = "$(TARGET_NAME)";
			};
			name = Release;
		};
		BC4556EE1C8FC7ED00467591 /* Debug */ = {
			isa = XCBuildConfiguration;
			buildSettings = {
				BUNDLE_LOADER = "$(TEST_HOST)";
				INFOPLIST_FILE = MSViewControllerTransitionDemoTests/Info.plist;
				LD_RUNPATH_SEARCH_PATHS = "$(inherited) @executable_path/Frameworks @loader_path/Frameworks";
				PRODUCT_BUNDLE_IDENTIFIER = MS.MSViewControllerTransitionDemoTests;
				PRODUCT_NAME = "$(TARGET_NAME)";
				TEST_HOST = "$(BUILT_PRODUCTS_DIR)/MSViewControllerTransitionDemo.app/MSViewControllerTransitionDemo";
			};
			name = Debug;
		};
		BC4556EF1C8FC7ED00467591 /* Release */ = {
			isa = XCBuildConfiguration;
			buildSettings = {
				BUNDLE_LOADER = "$(TEST_HOST)";
				INFOPLIST_FILE = MSViewControllerTransitionDemoTests/Info.plist;
				LD_RUNPATH_SEARCH_PATHS = "$(inherited) @executable_path/Frameworks @loader_path/Frameworks";
				PRODUCT_BUNDLE_IDENTIFIER = MS.MSViewControllerTransitionDemoTests;
				PRODUCT_NAME = "$(TARGET_NAME)";
				TEST_HOST = "$(BUILT_PRODUCTS_DIR)/MSViewControllerTransitionDemo.app/MSViewControllerTransitionDemo";
			};
			name = Release;
		};
		BC4556F11C8FC7ED00467591 /* Debug */ = {
			isa = XCBuildConfiguration;
			buildSettings = {
				INFOPLIST_FILE = MSViewControllerTransitionDemoUITests/Info.plist;
				LD_RUNPATH_SEARCH_PATHS = "$(inherited) @executable_path/Frameworks @loader_path/Frameworks";
				PRODUCT_BUNDLE_IDENTIFIER = MS.MSViewControllerTransitionDemoUITests;
				PRODUCT_NAME = "$(TARGET_NAME)";
				TEST_TARGET_NAME = MSViewControllerTransitionDemo;
				USES_XCTRUNNER = YES;
			};
			name = Debug;
		};
		BC4556F21C8FC7ED00467591 /* Release */ = {
			isa = XCBuildConfiguration;
			buildSettings = {
				INFOPLIST_FILE = MSViewControllerTransitionDemoUITests/Info.plist;
				LD_RUNPATH_SEARCH_PATHS = "$(inherited) @executable_path/Frameworks @loader_path/Frameworks";
				PRODUCT_BUNDLE_IDENTIFIER = MS.MSViewControllerTransitionDemoUITests;
				PRODUCT_NAME = "$(TARGET_NAME)";
				TEST_TARGET_NAME = MSViewControllerTransitionDemo;
				USES_XCTRUNNER = YES;
			};
			name = Release;
		};
/* End XCBuildConfiguration section */

/* Begin XCConfigurationList section */
		BC4556B81C8FC7ED00467591 /* Build configuration list for PBXProject "MSViewControllerTransitionDemo" */ = {
			isa = XCConfigurationList;
			buildConfigurations = (
				BC4556E81C8FC7ED00467591 /* Debug */,
				BC4556E91C8FC7ED00467591 /* Release */,
			);
			defaultConfigurationIsVisible = 0;
			defaultConfigurationName = Release;
		};
		BC4556EA1C8FC7ED00467591 /* Build configuration list for PBXNativeTarget "MSViewControllerTransitionDemo" */ = {
			isa = XCConfigurationList;
			buildConfigurations = (
				BC4556EB1C8FC7ED00467591 /* Debug */,
				BC4556EC1C8FC7ED00467591 /* Release */,
			);
			defaultConfigurationIsVisible = 0;
			defaultConfigurationName = Release;
		};
		BC4556ED1C8FC7ED00467591 /* Build configuration list for PBXNativeTarget "MSViewControllerTransitionDemoTests" */ = {
			isa = XCConfigurationList;
			buildConfigurations = (
				BC4556EE1C8FC7ED00467591 /* Debug */,
				BC4556EF1C8FC7ED00467591 /* Release */,
			);
			defaultConfigurationIsVisible = 0;
			defaultConfigurationName = Release;
		};
		BC4556F01C8FC7ED00467591 /* Build configuration list for PBXNativeTarget "MSViewControllerTransitionDemoUITests" */ = {
			isa = XCConfigurationList;
			buildConfigurations = (
				BC4556F11C8FC7ED00467591 /* Debug */,
				BC4556F21C8FC7ED00467591 /* Release */,
			);
			defaultConfigurationIsVisible = 0;
			defaultConfigurationName = Release;
		};
/* End XCConfigurationList section */
	};
	rootObject = BC4556B51C8FC7ED00467591 /* Project object */;
}
